{
  "name": "genshin-daily-checkin",
  "version": "1.0.0",
  "lockfileVersion": 3,
  "requires": true,
  "packages": {
    "": {
      "name": "genshin-daily-checkin",
      "version": "1.0.0",
      "license": "MIT",
      "dependencies": {
        "genshin-kit.js": "^2.5.0"
      }
    },
    "node_modules/genshin-kit.js": {
      "version": "2.5.0",
      "resolved": "https://registry.npmjs.org/genshin-kit.js/-/genshin-kit.js-2.5.0.tgz",
      "integrity": "sha512-j5fgX4irb/kyDcPX5jo6S7+sElxHzQssQAHBFaYw80GTW57EhuJRE0TnZyRqJpUHCB0Z2ECz09N01IOCInYFrQ==",
      "license": "MIT",
      "dependencies": {
        "tslib": "^2.8.1",
        "undici": "^7.5.0",
        "zod": "^3.24.2"
      },
      "engines": {
        "node": ">=16.9.0"
      }
    },
    "node_modules/tslib": {
      "version": "2.8.1",
      "resolved": "https://registry.npmjs.org/tslib/-/tslib-2.8.1.tgz",
      "integrity": "sha512-oJFu94HQb+KVduSUQL7wnpmqnfmLsOA/nAh6b6EH0wCEoK0/mPeXU6c3wKDV83MkOuHPRHtSXKKU99IBazS/2w==",
      "license": "0BSD"
    },
    "node_modules/undici": {
      "version": "7.25.0",
      "resolved": "https://registry.npmjs.org/undici/-/undici-7.25.0.tgz",
      "integrity": "sha512-xXnp4kTyor2Zq+J1FfPI6Eq3ew5h6Vl0F/8d9XU5zZQf1tX9s2Su1/3PiMmUANFULpmksxkClamIZcaUqryHsQ==",
      "license": "MIT",
      "engines": {
        "node": ">=20.18.1"
      }
    },
    "node_modules/zod": {
      "version": "3.25.76",
      "resolved": "https://registry.npmjs.org/zod/-/zod-3.25.76.tgz",
      "integrity": "sha512-gzUt/qt81nXsFGKIFcC3YnfEAx5NkunCfnDlvuBSSFS02bcXu4Lmea0AFIUwbLWxWPx3d9p8S5QoaujKcNQxcQ==",
      "license": "MIT",
      "funding": {
        "url": "https://github.com/sponsors/colinhacks"
      }
    }
  }
}
